
Microsoft Visual Studio Solution File, Format Version 12.00
# Visual Studio Version 17
VisualStudioVersion = 17.14.36414.22
MinimumVisualStudioVersion = 10.0.40219.1
Project("{2150E333-8FDC-42A3-9474-1A3956D46DE8}") = "Task0", "Task0", "{02EA681E-C7D8-13C7-8484-4AC65E1B71E8}"
EndProject
Project("{FAE04EC0-301F-11D3-BF4B-00C04F79EFBC}") = "Tyuiu.MinullinDF.Sprint5.Task0.V20", "Tyuiu.MinullinDF.Sprint5.Task0.V20\Tyuiu.MinullinDF.Sprint5.Task0.V20.csproj", "{F28D747C-B325-4A6C-B81D-5B874A85EF66}"
EndProject
Project("{FAE04EC0-301F-11D3-BF4B-00C04F79EFBC}") = "Tyuiu.MinullinDF.Sprint5.Task0.V20.Lib", "Tyuiu.MinullinDF.Sprint5.Task0.V20.Lib\Tyuiu.MinullinDF.Sprint5.Task0.V20.Lib.csproj", "{65949C63-73B9-4E8D-876F-1E93F9621740}"
EndProject
Project("{FAE04EC0-301F-11D3-BF4B-00C04F79EFBC}") = "Tyuiu.MinullinDF.Sprint5.Task0.V20.Test", "Tyuiu.MinullinDF.Sprint5.Task0.V20.Test\Tyuiu.MinullinDF.Sprint5.Task0.V20.Test.csproj", "{760B979B-AF53-413C-8B61-EA5A205062CC}"
EndProject
Project("{2150E333-8FDC-42A3-9474-1A3956D46DE8}") = "Task1", "Task1", "{D5387FCD-1221-47D9-87D1-4B1D92EF466D}"
EndProject
Project("{FAE04EC0-301F-11D3-BF4B-00C04F79EFBC}") = "Tyuiu.MinullinDF.Sprint5.Task1.V8.Test", "Tyuiu.MinullinDF.Sprint5.Task1.V8.Test\Tyuiu.MinullinDF.Sprint5.Task1.V8.Test.csproj", "{3161E3FA-556F-467C-BA5E-ED716410AF9B}"
EndProject
Project("{FAE04EC0-301F-11D3-BF4B-00C04F79EFBC}") = "Tyuiu.MinullinDF.Sprint5.Task1.V8.Lib", "Tyuiu.MinullinDF.Sprint5.Task1.V8.Lib\Tyuiu.MinullinDF.Sprint5.Task1.V8.Lib.csproj", "{F09F1313-B997-4720-BA40-52C60C39E316}"
EndProject
Project("{FAE04EC0-301F-11D3-BF4B-00C04F79EFBC}") = "Tyuiu.MinullinDF.Sprint5.Task1.V8", "Tyuiu.MinullinDF.Sprint5.Task1.V8\Tyuiu.MinullinDF.Sprint5.Task1.V8.csproj", "{3C4A287D-9C38-46C0-AC40-37897A27CB96}"
EndProject
Project("{2150E333-8FDC-42A3-9474-1A3956D46DE8}") = "Task2", "Task2", "{1DF8B4FA-0631-406B-8D0F-BFA24C269DCB}"
EndProject
Project("{2150E333-8FDC-42A3-9474-1A3956D46DE8}") = "Task3", "Task3", "{674E1C74-3F40-43CC-A84C-83DF98CE80F1}"
EndProject
Project("{FAE04EC0-301F-11D3-BF4B-00C04F79EFBC}") = "Tyuiu.MinullinDF.Sprint5.Task2.V16", "Tyuiu.MinullinDF.Sprint5.Task2.V16\Tyuiu.MinullinDF.Sprint5.Task2.V16.csproj", "{11315B08-19F1-41F0-AEB8-D5A1973BAC95}"
EndProject
Project("{FAE04EC0-301F-11D3-BF4B-00C04F79EFBC}") = "Tyuiu.MinullinDF.Sprint5.Task2.V16.Lib", "Tyuiu.MinullinDF.Sprint5.Task2.V16.Lib\Tyuiu.MinullinDF.Sprint5.Task2.V16.Lib.csproj", "{FDC90F4F-2533-477B-A917-F84C68874009}"
EndProject
Project("{FAE04EC0-301F-11D3-BF4B-00C04F79EFBC}") = "Tyuiu.MinullinDF.Sprint5.Task2.V16.Test", "Tyuiu.MinullinDF.Sprint5.Task2.V16.Test\Tyuiu.MinullinDF.Sprint5.Task2.V16.Test.csproj", "{42332BB4-ED3B-4DF4-871F-48AEC582E97C}"
EndProject
Project("{FAE04EC0-301F-11D3-BF4B-00C04F79EFBC}") = "Tyuiu.MinullinDF.Sprint5.Task3.V1.Test", "Tyuiu.MinullinDF.Sprint5.Task3.V1.Test\Tyuiu.MinullinDF.Sprint5.Task3.V1.Test.csproj", "{6CB7903A-63B8-471D-8D8C-E6A5BF2C572D}"
EndProject
Project("{FAE04EC0-301F-11D3-BF4B-00C04F79EFBC}") = "Tyuiu.MinullinDF.Sprint5.Task3.V1.Lib", "Tyuiu.MinullinDF.Sprint5.Task3.V1.Lib\Tyuiu.MinullinDF.Sprint5.Task3.V1.Lib.csproj", "{0225E2CA-7640-4FDC-B970-6141ECFFC508}"
EndProject
Project("{FAE04EC0-301F-11D3-BF4B-00C04F79EFBC}") = "Tyuiu.MinullinDF.Sprint5.Task3.V1", "Tyuiu.MinullinDF.Sprint5.Task3.V1\Tyuiu.MinullinDF.Sprint5.Task3.V1.csproj", "{4AFF2821-67AE-46B1-BCDD-09D485BB77D8}"
EndProject
Global
	GlobalSection(SolutionConfigurationPlatforms) = preSolution
		Debug|Any CPU = Debug|Any CPU
		Release|Any CPU = Release|Any CPU
	EndGlobalSection
	GlobalSection(ProjectConfigurationPlatforms) = postSolution
		{F28D747C-B325-4A6C-B81D-5B874A85EF66}.Debug|Any CPU.ActiveCfg = Debug|Any CPU
		{F28D747C-B325-4A6C-B81D-5B874A85EF66}.Debug|Any CPU.Build.0 = Debug|Any CPU
		{F28D747C-B325-4A6C-B81D-5B874A85EF66}.Release|Any CPU.ActiveCfg = Release|Any CPU
		{F28D747C-B325-4A6C-B81D-5B874A85EF66}.Release|Any CPU.Build.0 = Release|Any CPU
		{65949C63-73B9-4E8D-876F-1E93F9621740}.Debug|Any CPU.ActiveCfg = Debug|Any CPU
		{65949C63-73B9-4E8D-876F-1E93F9621740}.Debug|Any CPU.Build.0 = Debug|Any CPU
		{65949C63-73B9-4E8D-876F-1E93F9621740}.Release|Any CPU.ActiveCfg = Release|Any CPU
		{65949C63-73B9-4E8D-876F-1E93F9621740}.Release|Any CPU.Build.0 = Release|Any CPU
		{760B979B-AF53-413C-8B61-EA5A205062CC}.Debug|Any CPU.ActiveCfg = Debug|Any CPU
		{760B979B-AF53-413C-8B61-EA5A205062CC}.Debug|Any CPU.Build.0 = Debug|Any CPU
		{760B979B-AF53-413C-8B61-EA5A205062CC}.Release|Any CPU.ActiveCfg = Release|Any CPU
		{760B979B-AF53-413C-8B61-EA5A205062CC}.Release|Any CPU.Build.0 = Release|Any CPU
		{3161E3FA-556F-467C-BA5E-ED716410AF9B}.Debug|Any CPU.ActiveCfg = Debug|Any CPU
		{3161E3FA-556F-467C-BA5E-ED716410AF9B}.Debug|Any CPU.Build.0 = Debug|Any CPU
		{3161E3FA-556F-467C-BA5E-ED716410AF9B}.Release|Any CPU.ActiveCfg = Release|Any CPU
		{3161E3FA-556F-467C-BA5E-ED716410AF9B}.Release|Any CPU.Build.0 = Release|Any CPU
		{F09F1313-B997-4720-BA40-52C60C39E316}.Debug|Any CPU.ActiveCfg = Debug|Any CPU
		{F09F1313-B997-4720-BA40-52C60C39E316}.Debug|Any CPU.Build.0 = Debug|Any CPU
		{F09F1313-B997-4720-BA40-52C60C39E316}.Release|Any CPU.ActiveCfg = Release|Any CPU
		{F09F1313-B997-4720-BA40-52C60C39E316}.Release|Any CPU.Build.0 = Release|Any CPU
		{3C4A287D-9C38-46C0-AC40-37897A27CB96}.Debug|Any CPU.ActiveCfg = Debug|Any CPU
		{3C4A287D-9C38-46C0-AC40-37897A27CB96}.Debug|Any CPU.Build.0 = Debug|Any CPU
		{3C4A287D-9C38-46C0-AC40-37897A27CB96}.Release|Any CPU.ActiveCfg = Release|Any CPU
		{3C4A287D-9C38-46C0-AC40-37897A27CB96}.Release|Any CPU.Build.0 = Release|Any CPU
		{11315B08-19F1-41F0-AEB8-D5A1973BAC95}.Debug|Any CPU.ActiveCfg = Debug|Any CPU
		{11315B08-19F1-41F0-AEB8-D5A1973BAC95}.Debug|Any CPU.Build.0 = Debug|Any CPU
		{11315B08-19F1-41F0-AEB8-D5A1973BAC95}.Release|Any CPU.ActiveCfg = Release|Any CPU
		{11315B08-19F1-41F0-AEB8-D5A1973BAC95}.Release|Any CPU.Build.0 = Release|Any CPU
		{FDC90F4F-2533-477B-A917-F84C68874009}.Debug|Any CPU.ActiveCfg = Debug|Any CPU
		{FDC90F4F-2533-477B-A917-F84C68874009}.Debug|Any CPU.Build.0 = Debug|Any CPU
		{FDC90F4F-2533-477B-A917-F84C68874009}.Release|Any CPU.ActiveCfg = Release|Any CPU
		{FDC90F4F-2533-477B-A917-F84C68874009}.Release|Any CPU.Build.0 = Release|Any CPU
		{42332BB4-ED3B-4DF4-871F-48AEC582E97C}.Debug|Any CPU.ActiveCfg = Debug|Any CPU
		{42332BB4-ED3B-4DF4-871F-48AEC582E97C}.Debug|Any CPU.Build.0 = Debug|Any CPU
		{42332BB4-ED3B-4DF4-871F-48AEC582E97C}.Release|Any CPU.ActiveCfg = Release|Any CPU
		{42332BB4-ED3B-4DF4-871F-48AEC582E97C}.Release|Any CPU.Build.0 = Release|Any CPU
		{6CB7903A-63B8-471D-8D8C-E6A5BF2C572D}.Debug|Any CPU.ActiveCfg = Debug|Any CPU
		{6CB7903A-63B8-471D-8D8C-E6A5BF2C572D}.Debug|Any CPU.Build.0 = Debug|Any CPU
		{6CB7903A-63B8-471D-8D8C-E6A5BF2C572D}.Release|Any CPU.ActiveCfg = Release|Any CPU
		{6CB7903A-63B8-471D-8D8C-E6A5BF2C572D}.Release|Any CPU.Build.0 = Release|Any CPU
		{0225E2CA-7640-4FDC-B970-6141ECFFC508}.Debug|Any CPU.ActiveCfg = Debug|Any CPU
		{0225E2CA-7640-4FDC-B970-6141ECFFC508}.Debug|Any CPU.Build.0 = Debug|Any CPU
		{0225E2CA-7640-4FDC-B970-6141ECFFC508}.Release|Any CPU.ActiveCfg = Release|Any CPU
		{0225E2CA-7640-4FDC-B970-6141ECFFC508}.Release|Any CPU.Build.0 = Release|Any CPU
		{4AFF2821-67AE-46B1-BCDD-09D485BB77D8}.Debug|Any CPU.ActiveCfg = Debug|Any CPU
		{4AFF2821-67AE-46B1-BCDD-09D485BB77D8}.Debug|Any CPU.Build.0 = Debug|Any CPU
		{4AFF2821-67AE-46B1-BCDD-09D485BB77D8}.Release|Any CPU.ActiveCfg = Release|Any CPU
		{4AFF2821-67AE-46B1-BCDD-09D485BB77D8}.Release|Any CPU.Build.0 = Release|Any CPU
	EndGlobalSection
	GlobalSection(SolutionProperties) = preSolution
		HideSolutionNode = FALSE
	EndGlobalSection
	GlobalSection(NestedProjects) = preSolution
		{F28D747C-B325-4A6C-B81D-5B874A85EF66} = {02EA681E-C7D8-13C7-8484-4AC65E1B71E8}
		{65949C63-73B9-4E8D-876F-1E93F9621740} = {02EA681E-C7D8-13C7-8484-4AC65E1B71E8}
		{760B979B-AF53-413C-8B61-EA5A205062CC} = {02EA681E-C7D8-13C7-8484-4AC65E1B71E8}
		{3161E3FA-556F-467C-BA5E-ED716410AF9B} = {D5387FCD-1221-47D9-87D1-4B1D92EF466D}
		{F09F1313-B997-4720-BA40-52C60C39E316} = {D5387FCD-1221-47D9-87D1-4B1D92EF466D}
		{3C4A287D-9C38-46C0-AC40-37897A27CB96} = {D5387FCD-1221-47D9-87D1-4B1D92EF466D}
		{11315B08-19F1-41F0-AEB8-D5A1973BAC95} = {1DF8B4FA-0631-406B-8D0F-BFA24C269DCB}
		{FDC90F4F-2533-477B-A917-F84C68874009} = {1DF8B4FA-0631-406B-8D0F-BFA24C269DCB}
		{42332BB4-ED3B-4DF4-871F-48AEC582E97C} = {1DF8B4FA-0631-406B-8D0F-BFA24C269DCB}
		{6CB7903A-63B8-471D-8D8C-E6A5BF2C572D} = {674E1C74-3F40-43CC-A84C-83DF98CE80F1}
		{0225E2CA-7640-4FDC-B970-6141ECFFC508} = {674E1C74-3F40-43CC-A84C-83DF98CE80F1}
		{4AFF2821-67AE-46B1-BCDD-09D485BB77D8} = {674E1C74-3F40-43CC-A84C-83DF98CE80F1}
	EndGlobalSection
	GlobalSection(ExtensibilityGlobals) = postSolution
		SolutionGuid = {027E087C-2A8D-4D77-92B4-5F65ECDF9CA3}
	EndGlobalSection
EndGlobal
